
Microsoft Visual Studio Solution File, Format Version 12.00
# Visual Studio Version 16
VisualStudioVersion = 16.0.31613.86
MinimumVisualStudioVersion = 10.0.40219.1
Project("{FAE04EC0-301F-11D3-BF4B-00C04F79EFBC}") = "lab4", "lab4.csproj", "{AB3D5E84-174F-4FA6-8D9C-FAFA7DC14069}"
EndProject
Global
	GlobalSection(SolutionConfigurationPlatforms) = preSolution
		Debug|Any CPU = Debug|Any CPU
		Release|Any CPU = Release|Any CPU
	EndGlobalSection
	GlobalSection(ProjectConfigurationPlatforms) = postSolution
		{AB3D5E84-174F-4FA6-8D9C-FAFA7DC14069}.Debug|Any CPU.ActiveCfg = Debug|Any CPU
		{AB3D5E84-174F-4FA6-8D9C-FAFA7DC14069}.Debug|Any CPU.Build.0 = Debug|Any CPU
		{AB3D5E84-174F-4FA6-8D9C-FAFA7DC14069}.Release|Any CPU.ActiveCfg = Release|Any CPU
		{AB3D5E84-174F-4FA6-8D9C-FAFA7DC14069}.Release|Any CPU.Build.0 = Release|Any CPU
	EndGlobalSection
	GlobalSection(SolutionProperties) = preSolution
		HideSolutionNode = FALSE
	EndGlobalSection
	GlobalSection(ExtensibilityGlobals) = postSolution
		SolutionGuid = {D27953DF-C7EA-43B5-AE14-52F234C4D396}
	EndGlobalSection
EndGlobal
